
Microsoft Visual Studio Solution File, Format Version 12.00
# Visual Studio Version 16
VisualStudioVersion = 16.0.30523.141
MinimumVisualStudioVersion = 10.0.40219.1
Project("{FAE04EC0-301F-11D3-BF4B-00C04F79EFBC}") = "Exercises_53-2018", "Exercises_53-2018\Exercises_53-2018.csproj", "{AF90E972-E0BA-47DD-B8D3-81403D2AEAB5}"
EndProject
Global
	GlobalSection(SolutionConfigurationPlatforms) = preSolution
		Debug|Any CPU = Debug|Any CPU
		Release|Any CPU = Release|Any CPU
	EndGlobalSection
	GlobalSection(ProjectConfigurationPlatforms) = postSolution
		{AF90E972-E0BA-47DD-B8D3-81403D2AEAB5}.Debug|Any CPU.ActiveCfg = Debug|Any CPU
		{AF90E972-E0BA-47DD-B8D3-81403D2AEAB5}.Debug|Any CPU.Build.0 = Debug|Any CPU
		{AF90E972-E0BA-47DD-B8D3-81403D2AEAB5}.Release|Any CPU.ActiveCfg = Release|Any CPU
		{AF90E972-E0BA-47DD-B8D3-81403D2AEAB5}.Release|Any CPU.Build.0 = Release|Any CPU
	EndGlobalSection
	GlobalSection(SolutionProperties) = preSolution
		HideSolutionNode = FALSE
	EndGlobalSection
	GlobalSection(ExtensibilityGlobals) = postSolution
		SolutionGuid = {4C307E9E-03CE-4B6B-B3BE-067460C92FB8}
	EndGlobalSection
EndGlobal
